version = 1
revision = 3
requires-python = "==3.12.*"

[[package]]
name = "backoff"
version = "2.2.1"
source = { registry = "https://pypi.org/simple" }
sdist = { url = "https://files.pythonhosted.org/packages/47/d7/5bbeb12c44d7c4f2fb5b56abce497eb5ed9f34d85701de869acedd602619/backoff-2.2.1.tar.gz", hash = "sha256:03f829f5bb1923180821643f8753b0502c3b682293992485b0eef2807afa5cba", size = 17001, upload-time = "2022-10-05T19:19:32.061Z" }
wheels = [
    { url = "https://files.pythonhosted.org/packages/df/73/b6e24bd22e6720ca8ee9a85a0c4a2971af8497d8f3193fa05390cbd46e09/backoff-2.2.1-py3-none-any.whl", hash = "sha256:63579f9a0628e06278f7e47b7d7d5b6ce20dc65c5e96a6f3ca99a6adca0396e8", size = 15148, upload-time = "2022-10-05T19:19:30.546Z" },
]

[[package]]
name = "certifi"
version = "2026.2.25"
source = { registry = "https://pypi.org/simple" }
sdist = { url = "https://files.pythonhosted.org/packages/af/2d/7bf41579a8986e348fa033a31cdd0e4121114f6bce2457e8876010b092dd/certifi-2026.2.25.tar.gz", hash = "sha256:e887ab5cee78ea814d3472169153c2d12cd43b14bd03329a39a9c6e2e80bfba7", size = 155029, upload-time = "2026-02-25T02:54:17.342Z" }
wheels = [
    { url = "https://files.pythonhosted.org/packages/9a/3c/c17fb3ca2d9c3acff52e30b309f538586f9f5b9c9cf454f3845fc9af4881/certifi-2026.2.25-py3-none-any.whl", hash = "sha256:027692e4402ad994f1c42e52a4997a9763c646b73e4096e4d5d6db8af1d6f0fa", size = 153684, upload-time = "2026-02-25T02:54:15.766Z" },
]

[[package]]
name = "charset-normalizer"
version = "3.4.6"
source = { registry = "https://pypi.org/simple" }
sdist = { url = "https://files.pythonhosted.org/packages/7b/60/e3bec1881450851b087e301bedc3daa9377a4d45f1c26aa90b0b235e38aa/charset_normalizer-3.4.6.tar.gz", hash = "sha256:1ae6b62897110aa7c79ea2f5dd38d1abca6db663687c0b1ad9aed6f6bae3d9d6", size = 143363, upload-time = "2026-03-15T18:53:25.478Z" }
wheels = [
    { url = "https://files.pythonhosted.org/packages/e5/62/c0815c992c9545347aeea7859b50dc9044d147e2e7278329c6e02ac9a616/charset_normalizer-3.4.6-cp312-cp312-macosx_10_13_universal2.whl", hash = "sha256:2ef7fedc7a6ecbe99969cd09632516738a97eeb8bd7258bf8a0f23114c057dab", size = 295154, upload-time = "2026-03-15T18:50:50.88Z" },
    { url = "https://files.pythonhosted.org/packages/a8/37/bdca6613c2e3c58c7421891d80cc3efa1d32e882f7c4a7ee6039c3fc951a/charset_normalizer-3.4.6-cp312-cp312-manylinux2014_aarch64.manylinux_2_17_aarch64.manylinux_2_28_aarch64.whl", hash = "sha256:a4ea868bc28109052790eb2b52a9ab33f3aa7adc02f96673526ff47419490e21", size = 199191, upload-time = "2026-03-15T18:50:52.658Z" },
    { url = "https://files.pythonhosted.org/packages/6c/92/9934d1bbd69f7f398b38c5dae1cbf9cc672e7c34a4adf7b17c0a9c17d15d/charset_normalizer-3.4.6-cp312-cp312-manylinux2014_ppc64le.manylinux_2_17_ppc64le.manylinux_2_28_ppc64le.whl", hash = "sha256:836ab36280f21fc1a03c99cd05c6b7af70d2697e374c7af0b61ed271401a72a2", size = 218674, upload-time = "2026-03-15T18:50:54.102Z" },
    { url = "https://files.pythonhosted.org/packages/af/90/25f6ab406659286be929fd89ab0e78e38aa183fc374e03aa3c12d730af8a/charset_normalizer-3.4.6-cp312-cp312-manylinux2014_s390x.manylinux_2_17_s390x.manylinux_2_28_s390x.whl", hash = "sha256:f1ce721c8a7dfec21fcbdfe04e8f68174183cf4e8188e0645e92aa23985c57ff", size = 215259, upload-time = "2026-03-15T18:50:55.616Z" },
    { url = "https://files.pythonhosted.org/packages/4e/ef/79a463eb0fff7f96afa04c1d4c51f8fc85426f918db467854bfb6a569ce3/charset_normalizer-3.4.6-cp312-cp312-manylinux2014_x86_64.manylinux_2_17_x86_64.manylinux_2_28_x86_64.whl", hash = "sha256:0e28d62a8fc7a1fa411c43bd65e346f3bce9716dc51b897fbe930c5987b402d5", size = 207276, upload-time = "2026-03-15T18:50:57.054Z" },
    { url = "https://files.pythonhosted.org/packages/f7/72/d0426afec4b71dc159fa6b4e68f868cd5a3ecd918fec5813a15d292a7d10/charset_normalizer-3.4.6-cp312-cp312-manylinux_2_31_armv7l.whl", hash = "sha256:530d548084c4a9f7a16ed4a294d459b4f229db50df689bfe92027452452943a0", size = 195161, upload-time = "2026-03-15T18:50:58.686Z" },
    { url = "https://files.pythonhosted.org/packages/bf/18/c82b06a68bfcb6ce55e508225d210c7e6a4ea122bfc0748892f3dc4e8e11/charset_normalizer-3.4.6-cp312-cp312-manylinux_2_31_riscv64.manylinux_2_39_riscv64.whl", hash = "sha256:30f445ae60aad5e1f8bdbb3108e39f6fbc09f4ea16c815c66578878325f8f15a", size = 203452, upload-time = "2026-03-15T18:51:00.196Z" },
    { url = "https://files.pythonhosted.org/packages/44/d6/0c25979b92f8adafdbb946160348d8d44aa60ce99afdc27df524379875cb/charset_normalizer-3.4.6-cp312-cp312-musllinux_1_2_aarch64.whl", hash = "sha256:ac2393c73378fea4e52aa56285a3d64be50f1a12395afef9cce47772f60334c2", size = 202272, upload-time = "2026-03-15T18:51:01.703Z" },
    { url = "https://files.pythonhosted.org/packages/2e/3d/7fea3e8fe84136bebbac715dd1221cc25c173c57a699c030ab9b8900cbb7/charset_normalizer-3.4.6-cp312-cp312-musllinux_1_2_armv7l.whl", hash = "sha256:90ca27cd8da8118b18a52d5f547859cc1f8354a00cd1e8e5120df3e30d6279e5", size = 195622, upload-time = "2026-03-15T18:51:03.526Z" },
    { url = "https://files.pythonhosted.org/packages/57/8a/d6f7fd5cb96c58ef2f681424fbca01264461336d2a7fc875e4446b1f1346/charset_normalizer-3.4.6-cp312-cp312-musllinux_1_2_ppc64le.whl", hash = "sha256:8e5a94886bedca0f9b78fecd6afb6629142fd2605aa70a125d49f4edc6037ee6", size = 220056, upload-time = "2026-03-15T18:51:05.269Z" },
    { url = "https://files.pythonhosted.org/packages/16/50/478cdda782c8c9c3fb5da3cc72dd7f331f031e7f1363a893cdd6ca0f8de0/charset_normalizer-3.4.6-cp312-cp312-musllinux_1_2_riscv64.whl", hash = "sha256:695f5c2823691a25f17bc5d5ffe79fa90972cc34b002ac6c843bb8a1720e950d", size = 203751, upload-time = "2026-03-15T18:51:06.858Z" },
    { url = "https://files.pythonhosted.org/packages/75/fc/cc2fcac943939c8e4d8791abfa139f685e5150cae9f94b60f12520feaa9b/charset_normalizer-3.4.6-cp312-cp312-musllinux_1_2_s390x.whl", hash = "sha256:231d4da14bcd9301310faf492051bee27df11f2bc7549bc0bb41fef11b82daa2", size = 216563, upload-time = "2026-03-15T18:51:08.564Z" },
    { url = "https://files.pythonhosted.org/packages/a8/b7/a4add1d9a5f68f3d037261aecca83abdb0ab15960a3591d340e829b37298/charset_normalizer-3.4.6-cp312-cp312-musllinux_1_2_x86_64.whl", hash = "sha256:a056d1ad2633548ca18ffa2f85c202cfb48b68615129143915b8dc72a806a923", size = 209265, upload-time = "2026-03-15T18:51:10.312Z" },
    { url = "https://files.pythonhosted.org/packages/6c/18/c094561b5d64a24277707698e54b7f67bd17a4f857bbfbb1072bba07c8bf/charset_normalizer-3.4.6-cp312-cp312-win32.whl", hash = "sha256:c2274ca724536f173122f36c98ce188fd24ce3dad886ec2b7af859518ce008a4", size = 144229, upload-time = "2026-03-15T18:51:11.694Z" },
    { url = "https://files.pythonhosted.org/packages/ab/20/0567efb3a8fd481b8f34f739ebddc098ed062a59fed41a8d193a61939e8f/charset_normalizer-3.4.6-cp312-cp312-win_amd64.whl", hash = "sha256:c8ae56368f8cc97c7e40a7ee18e1cedaf8e780cd8bc5ed5ac8b81f238614facb", size = 154277, upload-time = "2026-03-15T18:51:13.004Z" },
    { url = "https://files.pythonhosted.org/packages/15/57/28d79b44b51933119e21f65479d0864a8d5893e494cf5daab15df0247c17/charset_normalizer-3.4.6-cp312-cp312-win_arm64.whl", hash = "sha256:899d28f422116b08be5118ef350c292b36fc15ec2daeb9ea987c89281c7bb5c4", size = 142817, upload-time = "2026-03-15T18:51:14.408Z" },
    { url = "https://files.pythonhosted.org/packages/2a/68/687187c7e26cb24ccbd88e5069f5ef00eba804d36dde11d99aad0838ab45/charset_normalizer-3.4.6-py3-none-any.whl", hash = "sha256:947cf925bc916d90adba35a64c82aace04fa39b46b52d4630ece166655905a69", size = 61455, upload-time = "2026-03-15T18:53:23.833Z" },
]

[[package]]
name = "colorama"
version = "0.4.6"
source = { registry = "https://pypi.org/simple" }
sdist = { url = "https://files.pythonhosted.org/packages/d8/53/6f443c9a4a8358a93a6792e2acffb9d9d5cb0a5cfd8802644b7b1c9a02e4/colorama-0.4.6.tar.gz", hash = "sha256:08695f5cb7ed6e0531a20572697297273c47b8cae5a63ffc6d6ed5c201be6e44", size = 27697, upload-time = "2022-10-25T02:36:22.414Z" }
wheels = [
    { url = "https://files.pythonhosted.org/packages/d1/d6/3965ed04c63042e047cb6a3e6ed1a63a35087b6a609aa3a15ed8ac56c221/colorama-0.4.6-py2.py3-none-any.whl", hash = "sha256:4f1d9991f5acc0ca119f9d443620b77f9d6b33703e51011c16baf57afb285fc6", size = 25335, upload-time = "2022-10-25T02:36:20.889Z" },
]

[[package]]
name = "component-powerbi-refresh"
version = "0.1.0"
source = { virtual = "." }
dependencies = [
    { name = "backoff" },
    { name = "keboola-component" },
    { name = "requests" },
]

[package.dev-dependencies]
dev = [
    { name = "freezegun" },
    { name = "keboola-datadirtest" },
    { name = "mock" },
    { name = "pytest" },
    { name = "ruff" },
]

[package.metadata]
requires-dist = [
    { name = "backoff", specifier = ">=2.2.1" },
    { name = "keboola-component", specifier = ">=1.9.0" },
    { name = "requests", specifier = ">=2.32.3" },
]

[package.metadata.requires-dev]
dev = [
    { name = "freezegun", specifier = ">=1.5.1" },
    { name = "keboola-datadirtest", specifier = ">=2.0.0" },
    { name = "mock", specifier = ">=5.1.0" },
    { name = "pytest", specifier = ">=9.0.0" },
    { name = "ruff", specifier = ">=0.15.0" },
]

[[package]]
name = "deprecated"
version = "1.3.1"
source = { registry = "https://pypi.org/simple" }
dependencies = [
    { name = "wrapt" },
]
sdist = { url = "https://files.pythonhosted.org/packages/49/85/12f0a49a7c4ffb70572b6c2ef13c90c88fd190debda93b23f026b25f9634/deprecated-1.3.1.tar.gz", hash = "sha256:b1b50e0ff0c1fddaa5708a2c6b0a6588bb09b892825ab2b214ac9ea9d92a5223", size = 2932523, upload-time = "2025-10-30T08:19:02.757Z" }
wheels = [
    { url = "https://files.pythonhosted.org/packages/84/d0/205d54408c08b13550c733c4b85429e7ead111c7f0014309637425520a9a/deprecated-1.3.1-py2.py3-none-any.whl", hash = "sha256:597bfef186b6f60181535a29fbe44865ce137a5079f295b479886c82729d5f3f", size = 11298, upload-time = "2025-10-30T08:19:00.758Z" },
]

[[package]]
name = "freezegun"
version = "1.5.5"
source = { registry = "https://pypi.org/simple" }
dependencies = [
    { name = "python-dateutil" },
]
sdist = { url = "https://files.pythonhosted.org/packages/95/dd/23e2f4e357f8fd3bdff613c1fe4466d21bfb00a6177f238079b17f7b1c84/freezegun-1.5.5.tar.gz", hash = "sha256:ac7742a6cc6c25a2c35e9292dfd554b897b517d2dec26891a2e8debf205cb94a", size = 35914, upload-time = "2025-08-09T10:39:08.338Z" }
wheels = [
    { url = "https://files.pythonhosted.org/packages/5e/2e/b41d8a1a917d6581fc27a35d05561037b048e47df50f27f8ac9c7e27a710/freezegun-1.5.5-py3-none-any.whl", hash = "sha256:cd557f4a75cf074e84bc374249b9dd491eaeacd61376b9eb3c423282211619d2", size = 19266, upload-time = "2025-08-09T10:39:06.636Z" },
]

[[package]]
name = "idna"
version = "3.11"
source = { registry = "https://pypi.org/simple" }
sdist = { url = "https://files.pythonhosted.org/packages/6f/6d/0703ccc57f3a7233505399edb88de3cbd678da106337b9fcde432b65ed60/idna-3.11.tar.gz", hash = "sha256:795dafcc9c04ed0c1fb032c2aa73654d8e8c5023a7df64a53f39190ada629902", size = 194582, upload-time = "2025-10-12T14:55:20.501Z" }
wheels = [
    { url = "https://files.pythonhosted.org/packages/0e/61/66938bbb5fc52dbdf84594873d5b51fb1f7c7794e9c0f5bd885f30bc507b/idna-3.11-py3-none-any.whl", hash = "sha256:771a87f49d9defaf64091e6e6fe9c18d4833f140bd19464795bc32d966ca37ea", size = 71008, upload-time = "2025-10-12T14:55:18.883Z" },
]

[[package]]
name = "iniconfig"
version = "2.3.0"
source = { registry = "https://pypi.org/simple" }
sdist = { url = "https://files.pythonhosted.org/packages/72/34/14ca021ce8e5dfedc35312d08ba8bf51fdd999c576889fc2c24cb97f4f10/iniconfig-2.3.0.tar.gz", hash = "sha256:c76315c77db068650d49c5b56314774a7804df16fee4402c1f19d6d15d8c4730", size = 20503, upload-time = "2025-10-18T21:55:43.219Z" }
wheels = [
    { url = "https://files.pythonhosted.org/packages/cb/b1/3846dd7f199d53cb17f49cba7e651e9ce294d8497c8c150530ed11865bb8/iniconfig-2.3.0-py3-none-any.whl", hash = "sha256:f631c04d2c48c52b84d0d0549c99ff3859c98df65b3101406327ecc7d53fbf12", size = 7484, upload-time = "2025-10-18T21:55:41.639Z" },
]

[[package]]
name = "keboola-component"
version = "1.9.4"
source = { registry = "https://pypi.org/simple" }
dependencies = [
    { name = "deprecated" },
    { name = "keboola-vcr" },
    { name = "pygelf" },
]
sdist = { url = "https://files.pythonhosted.org/packages/42/5d/99dbc79f061dd1891387e30e99b15d358c52fdae2c6a70275be4d3a1216b/keboola_component-1.9.4.tar.gz", hash = "sha256:8f2c0ada4f1d923376111fa46a3bfdcfb46792ad6c88f10cf8e2f648a19124b8", size = 72012, upload-time = "2026-03-06T09:54:58.158Z" }
wheels = [
    { url = "https://files.pythonhosted.org/packages/1c/53/7377b9e5421545266833611008586e2e79b1fe0f8cd1bd30a2f158b9ce90/keboola_component-1.9.4-py3-none-any.whl", hash = "sha256:750a377ec89f7f97de9e6a32be26c4eeeb481dce39b6ea35724bae48bcb5d83c", size = 44335, upload-time = "2026-03-06T09:54:59.442Z" },
]

[[package]]
name = "keboola-datadirtest"
version = "2.1.0"
source = { registry = "https://pypi.org/simple" }
dependencies = [
    { name = "keboola-vcr" },
]
sdist = { url = "https://files.pythonhosted.org/packages/70/8f/7f74ea8a5e0103aadc29adcfb788266e79997bc476d5562533e230bbb50e/keboola_datadirtest-2.1.0.tar.gz", hash = "sha256:b7992a61f262503a9e9cc059dcb5b2bc59cfc2fe0df8755e5215638ae5925c0c", size = 18350, upload-time = "2026-03-17T07:42:57.223Z" }
wheels = [
    { url = "https://files.pythonhosted.org/packages/8e/9d/45872906a41e23775f1c035fc7b74f43420e64e06964cd8318837865c34b/keboola_datadirtest-2.1.0-py3-none-any.whl", hash = "sha256:3ab958db49ba9f7a7a4d13660fadb143cc2e60ceb2f0237345ef1406745d6f52", size = 21548, upload-time = "2026-03-17T07:42:57.989Z" },
]

[[package]]
name = "keboola-vcr"
version = "0.3.0"
source = { registry = "https://pypi.org/simple" }
dependencies = [
    { name = "freezegun" },
    { name = "vcrpy" },
]
sdist = { url = "https://files.pythonhosted.org/packages/6e/f9/a5210a2c85944c1a46fd9d8ae5064443cc7d48100134457d4dead401b10b/keboola_vcr-0.3.0.tar.gz", hash = "sha256:8bd74d010e991c48d1faaf505017a60008720f0ee57bdee6a9546987a502f6bd", size = 29000, upload-time = "2026-03-19T16:19:48.912Z" }
wheels = [
    { url = "https://files.pythonhosted.org/packages/2f/fd/38fdd367b90cb412b29d6f65646a9d91a78c7c163e3f5700f20d4a90f34a/keboola_vcr-0.3.0-py3-none-any.whl", hash = "sha256:162bb5c844fecc95fb1bc4a1b3054987835be887edda131806793e1b9019f1cc", size = 31641, upload-time = "2026-03-19T16:19:48.047Z" },
]

[[package]]
name = "mock"
version = "5.2.0"
source = { registry = "https://pypi.org/simple" }
sdist = { url = "https://files.pythonhosted.org/packages/07/8c/14c2ae915e5f9dca5a22edd68b35be94400719ccfa068a03e0fb63d0f6f6/mock-5.2.0.tar.gz", hash = "sha256:4e460e818629b4b173f32d08bf30d3af8123afbb8e04bb5707a1fd4799e503f0", size = 92796, upload-time = "2025-03-03T12:31:42.911Z" }
wheels = [
    { url = "https://files.pythonhosted.org/packages/bd/d9/617e6af809bf3a1d468e0d58c3997b1dc219a9a9202e650d30c2fc85d481/mock-5.2.0-py3-none-any.whl", hash = "sha256:7ba87f72ca0e915175596069dbbcc7c75af7b5e9b9bc107ad6349ede0819982f", size = 31617, upload-time = "2025-03-03T12:31:41.518Z" },
]

[[package]]
name = "packaging"
version = "26.0"
source = { registry = "https://pypi.org/simple" }
sdist = { url = "https://files.pythonhosted.org/packages/65/ee/299d360cdc32edc7d2cf530f3accf79c4fca01e96ffc950d8a52213bd8e4/packaging-26.0.tar.gz", hash = "sha256:00243ae351a257117b6a241061796684b084ed1c516a08c48a3f7e147a9d80b4", size = 143416, upload-time = "2026-01-21T20:50:39.064Z" }
wheels = [
    { url = "https://files.pythonhosted.org/packages/b7/b9/c538f279a4e237a006a2c98387d081e9eb060d203d8ed34467cc0f0b9b53/packaging-26.0-py3-none-any.whl", hash = "sha256:b36f1fef9334a5588b4166f8bcd26a14e521f2b55e6b9de3aaa80d3ff7a37529", size = 74366, upload-time = "2026-01-21T20:50:37.788Z" },
]

[[package]]
name = "pluggy"
version = "1.6.0"
source = { registry = "https://pypi.org/simple" }
sdist = { url = "https://files.pythonhosted.org/packages/f9/e2/3e91f31a7d2b083fe6ef3fa267035b518369d9511ffab804f839851d2779/pluggy-1.6.0.tar.gz", hash = "sha256:7dcc130b76258d33b90f61b658791dede3486c3e6bfb003ee5c9bfb396dd22f3", size = 69412, upload-time = "2025-05-15T12:30:07.975Z" }
wheels = [
    { url = "https://files.pythonhosted.org/packages/54/20/4d324d65cc6d9205fabedc306948156824eb9f0ee1633355a8f7ec5c66bf/pluggy-1.6.0-py3-none-any.whl", hash = "sha256:e920276dd6813095e9377c0bc5566d94c932c33b27a3e3945d8389c374dd4746", size = 20538, upload-time = "2025-05-15T12:30:06.134Z" },
]

[[package]]
name = "pygelf"
version = "0.4.3"
source = { registry = "https://pypi.org/simple" }
sdist = { url = "https://files.pythonhosted.org/packages/49/91/ac1605bb40092ae41fbb833ee55447f72e19ce5459efa6bd3beecc67e971/pygelf-0.4.3.tar.gz", hash = "sha256:8ed972563be3c8f168483f01dbf522b6bc697959c97a3f4881324b3f79638911", size = 11017, upload-time = "2025-06-14T19:21:19.832Z" }
wheels = [
    { url = "https://files.pythonhosted.org/packages/d4/ee/ebac3de919431912e0be380fafd01059a091a489f6b5d7896c2a04548895/pygelf-0.4.3-py3-none-any.whl", hash = "sha256:0876c99a77f9f021834982c9808205b3239fabf5886788d701f31b495b65c8ae", size = 8750, upload-time = "2025-06-14T19:21:16.953Z" },
]

[[package]]
name = "pygments"
version = "2.19.2"
source = { registry = "https://pypi.org/simple" }
sdist = { url = "https://files.pythonhosted.org/packages/b0/77/a5b8c569bf593b0140bde72ea885a803b82086995367bf2037de0159d924/pygments-2.19.2.tar.gz", hash = "sha256:636cb2477cec7f8952536970bc533bc43743542f70392ae026374600add5b887", size = 4968631, upload-time = "2025-06-21T13:39:12.283Z" }
wheels = [
    { url = "https://files.pythonhosted.org/packages/c7/21/705964c7812476f378728bdf590ca4b771ec72385c533964653c68e86bdc/pygments-2.19.2-py3-none-any.whl", hash = "sha256:86540386c03d588bb81d44bc3928634ff26449851e99741617ecb9037ee5ec0b", size = 1225217, upload-time = "2025-06-21T13:39:07.939Z" },
]

[[package]]
name = "pytest"
version = "9.0.2"
source = { registry = "https://pypi.org/simple" }
dependencies = [
    { name = "colorama", marker = "sys_platform == 'win32'" },
    { name = "iniconfig" },
    { name = "packaging" },
    { name = "pluggy" },
    { name = "pygments" },
]
sdist = { url = "https://files.pythonhosted.org/packages/d1/db/7ef3487e0fb0049ddb5ce41d3a49c235bf9ad299b6a25d5780a89f19230f/pytest-9.0.2.tar.gz", hash = "sha256:75186651a92bd89611d1d9fc20f0b4345fd827c41ccd5c299a868a05d70edf11", size = 1568901, upload-time = "2025-12-06T21:30:51.014Z" }
wheels = [
    { url = "https://files.pythonhosted.org/packages/3b/ab/b3226f0bd7cdcf710fbede2b3548584366da3b19b5021e74f5bde2a8fa3f/pytest-9.0.2-py3-none-any.whl", hash = "sha256:711ffd45bf766d5264d487b917733b453d917afd2b0ad65223959f59089f875b", size = 374801, upload-time = "2025-12-06T21:30:49.154Z" },
]

[[package]]
name = "python-dateutil"
version = "2.9.0.post0"
source = { registry = "https://pypi.org/simple" }
dependencies = [
    { name = "six" },
]
sdist = { url = "https://files.pythonhosted.org/packages/66/c0/0c8b6ad9f17a802ee498c46e004a0eb49bc148f2fd230864601a86dcf6db/python-dateutil-2.9.0.post0.tar.gz", hash = "sha256:37dd54208da7e1cd875388217d5e00ebd4179249f90fb72437e91a35459a0ad3", size = 342432, upload-time = "2024-03-01T18:36:20.211Z" }
wheels = [
    { url = "https://files.pythonhosted.org/packages/ec/57/56b9bcc3c9c6a792fcbaf139543cee77261f3651ca9da0c93f5c1221264b/python_dateutil-2.9.0.post0-py2.py3-none-any.whl", hash = "sha256:a8b2bc7bffae282281c8140a97d3aa9c14da0b136dfe83f850eea9a5f7470427", size = 229892, upload-time = "2024-03-01T18:36:18.57Z" },
]

[[package]]
name = "pyyaml"
version = "6.0.3"
source = { registry = "https://pypi.org/simple" }
sdist = { url = "https://files.pythonhosted.org/packages/05/8e/961c0007c59b8dd7729d542c61a4d537767a59645b82a0b521206e1e25c2/pyyaml-6.0.3.tar.gz", hash = "sha256:d76623373421df22fb4cf8817020cbb7ef15c725b9d5e45f17e189bfc384190f", size = 130960, upload-time = "2025-09-25T21:33:16.546Z" }
wheels = [
    { url = "https://files.pythonhosted.org/packages/d1/33/422b98d2195232ca1826284a76852ad5a86fe23e31b009c9886b2d0fb8b2/pyyaml-6.0.3-cp312-cp312-macosx_10_13_x86_64.whl", hash = "sha256:7f047e29dcae44602496db43be01ad42fc6f1cc0d8cd6c83d342306c32270196", size = 182063, upload-time = "2025-09-25T21:32:11.445Z" },
    { url = "https://files.pythonhosted.org/packages/89/a0/6cf41a19a1f2f3feab0e9c0b74134aa2ce6849093d5517a0c550fe37a648/pyyaml-6.0.3-cp312-cp312-macosx_11_0_arm64.whl", hash = "sha256:fc09d0aa354569bc501d4e787133afc08552722d3ab34836a80547331bb5d4a0", size = 173973, upload-time = "2025-09-25T21:32:12.492Z" },
    { url = "https://files.pythonhosted.org/packages/ed/23/7a778b6bd0b9a8039df8b1b1d80e2e2ad78aa04171592c8a5c43a56a6af4/pyyaml-6.0.3-cp312-cp312-manylinux2014_aarch64.manylinux_2_17_aarch64.manylinux_2_28_aarch64.whl", hash = "sha256:9149cad251584d5fb4981be1ecde53a1ca46c891a79788c0df828d2f166bda28", size = 775116, upload-time = "2025-09-25T21:32:13.652Z" },
    { url = "https://files.pythonhosted.org/packages/65/30/d7353c338e12baef4ecc1b09e877c1970bd3382789c159b4f89d6a70dc09/pyyaml-6.0.3-cp312-cp312-manylinux2014_s390x.manylinux_2_17_s390x.manylinux_2_28_s390x.whl", hash = "sha256:5fdec68f91a0c6739b380c83b951e2c72ac0197ace422360e6d5a959d8d97b2c", size = 844011, upload-time = "2025-09-25T21:32:15.21Z" },
    { url = "https://files.pythonhosted.org/packages/8b/9d/b3589d3877982d4f2329302ef98a8026e7f4443c765c46cfecc8858c6b4b/pyyaml-6.0.3-cp312-cp312-manylinux2014_x86_64.manylinux_2_17_x86_64.manylinux_2_28_x86_64.whl", hash = "sha256:ba1cc08a7ccde2d2ec775841541641e4548226580ab850948cbfda66a1befcdc", size = 807870, upload-time = "2025-09-25T21:32:16.431Z" },
    { url = "https://files.pythonhosted.org/packages/05/c0/b3be26a015601b822b97d9149ff8cb5ead58c66f981e04fedf4e762f4bd4/pyyaml-6.0.3-cp312-cp312-musllinux_1_2_aarch64.whl", hash = "sha256:8dc52c23056b9ddd46818a57b78404882310fb473d63f17b07d5c40421e47f8e", size = 761089, upload-time = "2025-09-25T21:32:17.56Z" },
    { url = "https://files.pythonhosted.org/packages/be/8e/98435a21d1d4b46590d5459a22d88128103f8da4c2d4cb8f14f2a96504e1/pyyaml-6.0.3-cp312-cp312-musllinux_1_2_x86_64.whl", hash = "sha256:41715c910c881bc081f1e8872880d3c650acf13dfa8214bad49ed4cede7c34ea", size = 790181, upload-time = "2025-09-25T21:32:18.834Z" },
    { url = "https://files.pythonhosted.org/packages/74/93/7baea19427dcfbe1e5a372d81473250b379f04b1bd3c4c5ff825e2327202/pyyaml-6.0.3-cp312-cp312-win32.whl", hash = "sha256:96b533f0e99f6579b3d4d4995707cf36df9100d67e0c8303a0c55b27b5f99bc5", size = 137658, upload-time = "2025-09-25T21:32:20.209Z" },
    { url = "https://files.pythonhosted.org/packages/86/bf/899e81e4cce32febab4fb42bb97dcdf66bc135272882d1987881a4b519e9/pyyaml-6.0.3-cp312-cp312-win_amd64.whl", hash = "sha256:5fcd34e47f6e0b794d17de1b4ff496c00986e1c83f7ab2fb8fcfe9616ff7477b", size = 154003, upload-time = "2025-09-25T21:32:21.167Z" },
    { url = "https://files.pythonhosted.org/packages/1a/08/67bd04656199bbb51dbed1439b7f27601dfb576fb864099c7ef0c3e55531/pyyaml-6.0.3-cp312-cp312-win_arm64.whl", hash = "sha256:64386e5e707d03a7e172c0701abfb7e10f0fb753ee1d773128192742712a98fd", size = 140344, upload-time = "2025-09-25T21:32:22.617Z" },
]

[[package]]
name = "requests"
version = "2.32.5"
source = { registry = "https://pypi.org/simple" }
dependencies = [
    { name = "certifi" },
    { name = "charset-normalizer" },
    { name = "idna" },
    { name = "urllib3" },
]
sdist = { url = "https://files.pythonhosted.org/packages/c9/74/b3ff8e6c8446842c3f5c837e9c3dfcfe2018ea6ecef224c710c85ef728f4/requests-2.32.5.tar.gz", hash = "sha256:dbba0bac56e100853db0ea71b82b4dfd5fe2bf6d3754a8893c3af500cec7d7cf", size = 134517, upload-time = "2025-08-18T20:46:02.573Z" }
wheels = [
    { url = "https://files.pythonhosted.org/packages/1e/db/4254e3eabe8020b458f1a747140d32277ec7a271daf1d235b70dc0b4e6e3/requests-2.32.5-py3-none-any.whl", hash = "sha256:2462f94637a34fd532264295e186976db0f5d453d1cdd31473c85a6a161affb6", size = 64738, upload-time = "2025-08-18T20:46:00.542Z" },
]

[[package]]
name = "ruff"
version = "0.15.7"
source = { registry = "https://pypi.org/simple" }
sdist = { url = "https://files.pythonhosted.org/packages/a1/22/9e4f66ee588588dc6c9af6a994e12d26e19efbe874d1a909d09a6dac7a59/ruff-0.15.7.tar.gz", hash = "sha256:04f1ae61fc20fe0b148617c324d9d009b5f63412c0b16474f3d5f1a1a665f7ac", size = 4601277, upload-time = "2026-03-19T16:26:22.605Z" }
wheels = [
    { url = "https://files.pythonhosted.org/packages/41/2f/0b08ced94412af091807b6119ca03755d651d3d93a242682bf020189db94/ruff-0.15.7-py3-none-linux_armv6l.whl", hash = "sha256:a81cc5b6910fb7dfc7c32d20652e50fa05963f6e13ead3c5915c41ac5d16668e", size = 10489037, upload-time = "2026-03-19T16:26:32.47Z" },
    { url = "https://files.pythonhosted.org/packages/91/4a/82e0fa632e5c8b1eba5ee86ecd929e8ff327bbdbfb3c6ac5d81631bef605/ruff-0.15.7-py3-none-macosx_10_12_x86_64.whl", hash = "sha256:722d165bd52403f3bdabc0ce9e41fc47070ac56d7a91b4e0d097b516a53a3477", size = 10955433, upload-time = "2026-03-19T16:27:00.205Z" },
    { url = "https://files.pythonhosted.org/packages/ab/10/12586735d0ff42526ad78c049bf51d7428618c8b5c467e72508c694119df/ruff-0.15.7-py3-none-macosx_11_0_arm64.whl", hash = "sha256:7fbc2448094262552146cbe1b9643a92f66559d3761f1ad0656d4991491af49e", size = 10269302, upload-time = "2026-03-19T16:26:26.183Z" },
    { url = "https://files.pythonhosted.org/packages/eb/5d/32b5c44ccf149a26623671df49cbfbd0a0ae511ff3df9d9d2426966a8d57/ruff-0.15.7-py3-none-manylinux_2_17_aarch64.manylinux2014_aarch64.whl", hash = "sha256:6b39329b60eba44156d138275323cc726bbfbddcec3063da57caa8a8b1d50adf", size = 10607625, upload-time = "2026-03-19T16:27:03.263Z" },
    { url = "https://files.pythonhosted.org/packages/5d/f1/f0001cabe86173aaacb6eb9bb734aa0605f9a6aa6fa7d43cb49cbc4af9c9/ruff-0.15.7-py3-none-manylinux_2_17_armv7l.manylinux2014_armv7l.whl", hash = "sha256:87768c151808505f2bfc93ae44e5f9e7c8518943e5074f76ac21558ef5627c85", size = 10324743, upload-time = "2026-03-19T16:27:09.791Z" },
    { url = "https://files.pythonhosted.org/packages/7a/87/b8a8f3d56b8d848008559e7c9d8bf367934d5367f6d932ba779456e2f73b/ruff-0.15.7-py3-none-manylinux_2_17_i686.manylinux2014_i686.whl", hash = "sha256:fb0511670002c6c529ec66c0e30641c976c8963de26a113f3a30456b702468b0", size = 11138536, upload-time = "2026-03-19T16:27:06.101Z" },
    { url = "https://files.pythonhosted.org/packages/e4/f2/4fd0d05aab0c5934b2e1464784f85ba2eab9d54bffc53fb5430d1ed8b829/ruff-0.15.7-py3-none-manylinux_2_17_ppc64le.manylinux2014_ppc64le.whl", hash = "sha256:e0d19644f801849229db8345180a71bee5407b429dd217f853ec515e968a6912", size = 11994292, upload-time = "2026-03-19T16:26:48.718Z" },
    { url = "https://files.pythonhosted.org/packages/64/22/fc4483871e767e5e95d1622ad83dad5ebb830f762ed0420fde7dfa9d9b08/ruff-0.15.7-py3-none-manylinux_2_17_s390x.manylinux2014_s390x.whl", hash = "sha256:4806d8e09ef5e84eb19ba833d0442f7e300b23fe3f0981cae159a248a10f0036", size = 11398981, upload-time = "2026-03-19T16:26:54.513Z" },
    { url = "https://files.pythonhosted.org/packages/b0/99/66f0343176d5eab02c3f7fcd2de7a8e0dd7a41f0d982bee56cd1c24db62b/ruff-0.15.7-py3-none-manylinux_2_17_x86_64.manylinux2014_x86_64.whl", hash = "sha256:dce0896488562f09a27b9c91b1f58a097457143931f3c4d519690dea54e624c5", size = 11242422, upload-time = "2026-03-19T16:26:29.277Z" },
    { url = "https://files.pythonhosted.org/packages/5d/3a/a7060f145bfdcce4c987ea27788b30c60e2c81d6e9a65157ca8afe646328/ruff-0.15.7-py3-none-manylinux_2_31_riscv64.whl", hash = "sha256:1852ce241d2bc89e5dc823e03cff4ce73d816b5c6cdadd27dbfe7b03217d2a12", size = 11232158, upload-time = "2026-03-19T16:26:42.321Z" },
    { url = "https://files.pythonhosted.org/packages/a7/53/90fbb9e08b29c048c403558d3cdd0adf2668b02ce9d50602452e187cd4af/ruff-0.15.7-py3-none-musllinux_1_2_aarch64.whl", hash = "sha256:5f3e4b221fb4bd293f79912fc5e93a9063ebd6d0dcbd528f91b89172a9b8436c", size = 10577861, upload-time = "2026-03-19T16:26:57.459Z" },
    { url = "https://files.pythonhosted.org/packages/2f/aa/5f486226538fe4d0f0439e2da1716e1acf895e2a232b26f2459c55f8ddad/ruff-0.15.7-py3-none-musllinux_1_2_armv7l.whl", hash = "sha256:b15e48602c9c1d9bdc504b472e90b90c97dc7d46c7028011ae67f3861ceba7b4", size = 10327310, upload-time = "2026-03-19T16:26:35.909Z" },
    { url = "https://files.pythonhosted.org/packages/99/9e/271afdffb81fe7bfc8c43ba079e9d96238f674380099457a74ccb3863857/ruff-0.15.7-py3-none-musllinux_1_2_i686.whl", hash = "sha256:1b4705e0e85cedc74b0a23cf6a179dbb3df184cb227761979cc76c0440b5ab0d", size = 10840752, upload-time = "2026-03-19T16:26:45.723Z" },
    { url = "https://files.pythonhosted.org/packages/bf/29/a4ae78394f76c7759953c47884eb44de271b03a66634148d9f7d11e721bd/ruff-0.15.7-py3-none-musllinux_1_2_x86_64.whl", hash = "sha256:112c1fa316a558bb34319282c1200a8bf0495f1b735aeb78bfcb2991e6087580", size = 11336961, upload-time = "2026-03-19T16:26:39.076Z" },
    { url = "https://files.pythonhosted.org/packages/26/6b/8786ba5736562220d588a2f6653e6c17e90c59ced34a2d7b512ef8956103/ruff-0.15.7-py3-none-win32.whl", hash = "sha256:6d39e2d3505b082323352f733599f28169d12e891f7dd407f2d4f54b4c2886de", size = 10582538, upload-time = "2026-03-19T16:26:15.992Z" },
    { url = "https://files.pythonhosted.org/packages/2b/e9/346d4d3fffc6871125e877dae8d9a1966b254fbd92a50f8561078b88b099/ruff-0.15.7-py3-none-win_amd64.whl", hash = "sha256:4d53d712ddebcd7dace1bc395367aec12c057aacfe9adbb6d832302575f4d3a1", size = 11755839, upload-time = "2026-03-19T16:26:19.897Z" },
    { url = "https://files.pythonhosted.org/packages/8f/e8/726643a3ea68c727da31570bde48c7a10f1aa60eddd628d94078fec586ff/ruff-0.15.7-py3-none-win_arm64.whl", hash = "sha256:18e8d73f1c3fdf27931497972250340f92e8c861722161a9caeb89a58ead6ed2", size = 11023304, upload-time = "2026-03-19T16:26:51.669Z" },
]

[[package]]
name = "six"
version = "1.17.0"
source = { registry = "https://pypi.org/simple" }
sdist = { url = "https://files.pythonhosted.org/packages/94/e7/b2c673351809dca68a0e064b6af791aa332cf192da575fd474ed7d6f16a2/six-1.17.0.tar.gz", hash = "sha256:ff70335d468e7eb6ec65b95b99d3a2836546063f63acc5171de367e834932a81", size = 34031, upload-time = "2024-12-04T17:35:28.174Z" }
wheels = [
    { url = "https://files.pythonhosted.org/packages/b7/ce/149a00dd41f10bc29e5921b496af8b574d8413afcd5e30dfa0ed46c2cc5e/six-1.17.0-py2.py3-none-any.whl", hash = "sha256:4721f391ed90541fddacab5acf947aa0d3dc7d27b2e1e8eda2be8970586c3274", size = 11050, upload-time = "2024-12-04T17:35:26.475Z" },
]

[[package]]
name = "urllib3"
version = "2.6.3"
source = { registry = "https://pypi.org/simple" }
sdist = { url = "https://files.pythonhosted.org/packages/c7/24/5f1b3bdffd70275f6661c76461e25f024d5a38a46f04aaca912426a2b1d3/urllib3-2.6.3.tar.gz", hash = "sha256:1b62b6884944a57dbe321509ab94fd4d3b307075e0c2eae991ac71ee15ad38ed", size = 435556, upload-time = "2026-01-07T16:24:43.925Z" }
wheels = [
    { url = "https://files.pythonhosted.org/packages/39/08/aaaad47bc4e9dc8c725e68f9d04865dbcb2052843ff09c97b08904852d84/urllib3-2.6.3-py3-none-any.whl", hash = "sha256:bf272323e553dfb2e87d9bfd225ca7b0f467b919d7bbd355436d3fd37cb0acd4", size = 131584, upload-time = "2026-01-07T16:24:42.685Z" },
]

[[package]]
name = "vcrpy"
version = "8.1.1"
source = { registry = "https://pypi.org/simple" }
dependencies = [
    { name = "pyyaml" },
    { name = "wrapt" },
]
sdist = { url = "https://files.pythonhosted.org/packages/b3/07/bcfd5ebd7cb308026ab78a353e091bd699593358be49197d39d004e5ad83/vcrpy-8.1.1.tar.gz", hash = "sha256:58e3053e33b423f3594031cb758c3f4d1df931307f1e67928e30cf352df7709f", size = 85770, upload-time = "2026-01-04T19:22:03.886Z" }
wheels = [
    { url = "https://files.pythonhosted.org/packages/3a/d7/f79b05a5d728f8786876a7d75dfb0c5cae27e428081b2d60152fb52f155f/vcrpy-8.1.1-py3-none-any.whl", hash = "sha256:2d16f31ad56493efb6165182dd99767207031b0da3f68b18f975545ede8ac4b9", size = 42445, upload-time = "2026-01-04T19:22:02.532Z" },
]

[[package]]
name = "wrapt"
version = "2.1.2"
source = { registry = "https://pypi.org/simple" }
sdist = { url = "https://files.pythonhosted.org/packages/2e/64/925f213fdcbb9baeb1530449ac71a4d57fc361c053d06bf78d0c5c7cd80c/wrapt-2.1.2.tar.gz", hash = "sha256:3996a67eecc2c68fd47b4e3c564405a5777367adfd9b8abb58387b63ee83b21e", size = 81678, upload-time = "2026-03-06T02:53:25.134Z" }
wheels = [
    { url = "https://files.pythonhosted.org/packages/4c/b6/1db817582c49c7fcbb7df6809d0f515af29d7c2fbf57eb44c36e98fb1492/wrapt-2.1.2-cp312-cp312-macosx_10_13_x86_64.whl", hash = "sha256:ff2aad9c4cda28a8f0653fc2d487596458c2a3f475e56ba02909e950a9efa6a9", size = 61255, upload-time = "2026-03-06T02:52:45.663Z" },
    { url = "https://files.pythonhosted.org/packages/a2/16/9b02a6b99c09227c93cd4b73acc3678114154ec38da53043c0ddc1fba0dc/wrapt-2.1.2-cp312-cp312-macosx_11_0_arm64.whl", hash = "sha256:6433ea84e1cfacf32021d2a4ee909554ade7fd392caa6f7c13f1f4bf7b8e8748", size = 61848, upload-time = "2026-03-06T02:53:48.728Z" },
    { url = "https://files.pythonhosted.org/packages/af/aa/ead46a88f9ec3a432a4832dfedb84092fc35af2d0ba40cd04aea3889f247/wrapt-2.1.2-cp312-cp312-manylinux1_x86_64.manylinux_2_28_x86_64.manylinux_2_5_x86_64.whl", hash = "sha256:c20b757c268d30d6215916a5fa8461048d023865d888e437fab451139cad6c8e", size = 121433, upload-time = "2026-03-06T02:54:40.328Z" },
    { url = "https://files.pythonhosted.org/packages/3a/9f/742c7c7cdf58b59085a1ee4b6c37b013f66ac33673a7ef4aaed5e992bc33/wrapt-2.1.2-cp312-cp312-manylinux2014_aarch64.manylinux_2_17_aarch64.manylinux_2_28_aarch64.whl", hash = "sha256:79847b83eb38e70d93dc392c7c5b587efe65b3e7afcc167aa8abd5d60e8761c8", size = 123013, upload-time = "2026-03-06T02:53:26.58Z" },
    { url = "https://files.pythonhosted.org/packages/e8/44/2c3dd45d53236b7ed7c646fcf212251dc19e48e599debd3926b52310fafb/wrapt-2.1.2-cp312-cp312-manylinux_2_31_riscv64.manylinux_2_39_riscv64.whl", hash = "sha256:f8fba1bae256186a83d1875b2b1f4e2d1242e8fac0f58ec0d7e41b26967b965c", size = 117326, upload-time = "2026-03-06T02:53:11.547Z" },
    { url = "https://files.pythonhosted.org/packages/74/e2/b17d66abc26bd96f89dec0ecd0ef03da4a1286e6ff793839ec431b9fae57/wrapt-2.1.2-cp312-cp312-musllinux_1_2_aarch64.whl", hash = "sha256:e3d3b35eedcf5f7d022291ecd7533321c4775f7b9cd0050a31a68499ba45757c", size = 121444, upload-time = "2026-03-06T02:54:09.5Z" },
    { url = "https://files.pythonhosted.org/packages/3c/62/e2977843fdf9f03daf1586a0ff49060b1b2fc7ff85a7ea82b6217c1ae36e/wrapt-2.1.2-cp312-cp312-musllinux_1_2_riscv64.whl", hash = "sha256:6f2c5390460de57fa9582bc8a1b7a6c86e1a41dfad74c5225fc07044c15cc8d1", size = 116237, upload-time = "2026-03-06T02:54:03.884Z" },
    { url = "https://files.pythonhosted.org/packages/88/dd/27fc67914e68d740bce512f11734aec08696e6b17641fef8867c00c949fc/wrapt-2.1.2-cp312-cp312-musllinux_1_2_x86_64.whl", hash = "sha256:7dfa9f2cf65d027b951d05c662cc99ee3bd01f6e4691ed39848a7a5fffc902b2", size = 120563, upload-time = "2026-03-06T02:53:20.412Z" },
    { url = "https://files.pythonhosted.org/packages/ec/9f/b750b3692ed2ef4705cb305bd68858e73010492b80e43d2a4faa5573cbe7/wrapt-2.1.2-cp312-cp312-win32.whl", hash = "sha256:eba8155747eb2cae4a0b913d9ebd12a1db4d860fc4c829d7578c7b989bd3f2f0", size = 58198, upload-time = "2026-03-06T02:53:37.732Z" },
    { url = "https://files.pythonhosted.org/packages/8e/b2/feecfe29f28483d888d76a48f03c4c4d8afea944dbee2b0cd3380f9df032/wrapt-2.1.2-cp312-cp312-win_amd64.whl", hash = "sha256:1c51c738d7d9faa0b3601708e7e2eda9bf779e1b601dce6c77411f2a1b324a63", size = 60441, upload-time = "2026-03-06T02:52:47.138Z" },
    { url = "https://files.pythonhosted.org/packages/44/e1/e328f605d6e208547ea9fd120804fcdec68536ac748987a68c47c606eea8/wrapt-2.1.2-cp312-cp312-win_arm64.whl", hash = "sha256:c8e46ae8e4032792eb2f677dbd0d557170a8e5524d22acc55199f43efedd39bf", size = 58836, upload-time = "2026-03-06T02:53:22.053Z" },
    { url = "https://files.pythonhosted.org/packages/1a/c7/8528ac2dfa2c1e6708f647df7ae144ead13f0a31146f43c7264b4942bf12/wrapt-2.1.2-py3-none-any.whl", hash = "sha256:b8fd6fa2b2c4e7621808f8c62e8317f4aae56e59721ad933bac5239d913cf0e8", size = 43993, upload-time = "2026-03-06T02:53:12.905Z" },
]
